
Microsoft Visual Studio Solution File, Format Version 12.00
Project("{FAE04EC0-301F-11D3-BF4B-00C04F79EFBC}") = "Penrose.Core", "Penrose.Core\Penrose.Core.csproj", "{4B138623-82A4-45EA-9718-1E5BF848DF1D}"
EndProject
Project("{FAE04EC0-301F-11D3-BF4B-00C04F79EFBC}") = "Penrose.Persistence", "Penrose.Persistence\Penrose.Persistence.csproj", "{1CECE652-B446-45AF-9473-CFCCC3B89FFB}"
EndProject
Project("{FAE04EC0-301F-11D3-BF4B-00C04F79EFBC}") = "Penrose.Microservices.User", "Penrose.Microservices.User\Penrose.Microservices.User.csproj", "{06EF6978-8AAB-43C7-A50D-8E418563A6EE}"
EndProject
Project("{FAE04EC0-301F-11D3-BF4B-00C04F79EFBC}") = "Penrose.Microservices.Websocket", "Penrose.Microservices.Websocket\Penrose.Microservices.Websocket.csproj", "{7DEF51F4-1632-471B-BB4F-EA5928CAB368}"
EndProject
Global
	GlobalSection(SolutionConfigurationPlatforms) = preSolution
		Debug|Any CPU = Debug|Any CPU
		Release|Any CPU = Release|Any CPU
	EndGlobalSection
	GlobalSection(ProjectConfigurationPlatforms) = postSolution
		{4B138623-82A4-45EA-9718-1E5BF848DF1D}.Debug|Any CPU.ActiveCfg = Debug|Any CPU
		{4B138623-82A4-45EA-9718-1E5BF848DF1D}.Debug|Any CPU.Build.0 = Debug|Any CPU
		{4B138623-82A4-45EA-9718-1E5BF848DF1D}.Release|Any CPU.ActiveCfg = Release|Any CPU
		{4B138623-82A4-45EA-9718-1E5BF848DF1D}.Release|Any CPU.Build.0 = Release|Any CPU
		{1CECE652-B446-45AF-9473-CFCCC3B89FFB}.Debug|Any CPU.ActiveCfg = Debug|Any CPU
		{1CECE652-B446-45AF-9473-CFCCC3B89FFB}.Debug|Any CPU.Build.0 = Debug|Any CPU
		{1CECE652-B446-45AF-9473-CFCCC3B89FFB}.Release|Any CPU.ActiveCfg = Release|Any CPU
		{1CECE652-B446-45AF-9473-CFCCC3B89FFB}.Release|Any CPU.Build.0 = Release|Any CPU
		{06EF6978-8AAB-43C7-A50D-8E418563A6EE}.Debug|Any CPU.ActiveCfg = Debug|Any CPU
		{06EF6978-8AAB-43C7-A50D-8E418563A6EE}.Debug|Any CPU.Build.0 = Debug|Any CPU
		{06EF6978-8AAB-43C7-A50D-8E418563A6EE}.Release|Any CPU.ActiveCfg = Release|Any CPU
		{06EF6978-8AAB-43C7-A50D-8E418563A6EE}.Release|Any CPU.Build.0 = Release|Any CPU
		{7DEF51F4-1632-471B-BB4F-EA5928CAB368}.Debug|Any CPU.ActiveCfg = Debug|Any CPU
		{7DEF51F4-1632-471B-BB4F-EA5928CAB368}.Debug|Any CPU.Build.0 = Debug|Any CPU
		{7DEF51F4-1632-471B-BB4F-EA5928CAB368}.Release|Any CPU.ActiveCfg = Release|Any CPU
		{7DEF51F4-1632-471B-BB4F-EA5928CAB368}.Release|Any CPU.Build.0 = Release|Any CPU
	EndGlobalSection
	GlobalSection(NestedProjects) = preSolution
	EndGlobalSection
EndGlobal
